
Microsoft Visual Studio Solution File, Format Version 12.00
# Visual Studio Version 17
VisualStudioVersion = 17.0.31919.166
MinimumVisualStudioVersion = 10.0.40219.1
Project("{2150E333-8FDC-42A3-9474-1A3956D46DE8}") = "src", "src", "{0197EE8C-51ED-4131-92A9-3FE3C891B1F2}"
EndProject
Project("{FAE04EC0-301F-11D3-BF4B-00C04F79EFBC}") = "Order.Api", "Order.Api\Order.Api.csproj", "{03BE2C2B-6762-4F8D-9E09-C02679764AC6}"
EndProject
Project("{FAE04EC0-301F-11D3-BF4B-00C04F79EFBC}") = "Order.Application", "Order.Application\Order.Application.csproj", "{4312AEC9-0132-4329-832A-D91A6A144446}"
EndProject
Global
	GlobalSection(SolutionConfigurationPlatforms) = preSolution
		Debug|Any CPU = Debug|Any CPU
		Release|Any CPU = Release|Any CPU
	EndGlobalSection
	GlobalSection(ProjectConfigurationPlatforms) = postSolution
		{03BE2C2B-6762-4F8D-9E09-C02679764AC6}.Debug|Any CPU.ActiveCfg = Debug|Any CPU
		{03BE2C2B-6762-4F8D-9E09-C02679764AC6}.Debug|Any CPU.Build.0 = Debug|Any CPU
		{03BE2C2B-6762-4F8D-9E09-C02679764AC6}.Release|Any CPU.ActiveCfg = Release|Any CPU
		{03BE2C2B-6762-4F8D-9E09-C02679764AC6}.Release|Any CPU.Build.0 = Release|Any CPU
		{4312AEC9-0132-4329-832A-D91A6A144446}.Debug|Any CPU.ActiveCfg = Debug|Any CPU
		{4312AEC9-0132-4329-832A-D91A6A144446}.Debug|Any CPU.Build.0 = Debug|Any CPU
		{4312AEC9-0132-4329-832A-D91A6A144446}.Release|Any CPU.ActiveCfg = Release|Any CPU
		{4312AEC9-0132-4329-832A-D91A6A144446}.Release|Any CPU.Build.0 = Release|Any CPU
	EndGlobalSection
	GlobalSection(SolutionProperties) = preSolution
		HideSolutionNode = FALSE
	EndGlobalSection
	GlobalSection(NestedProjects) = preSolution
		{03BE2C2B-6762-4F8D-9E09-C02679764AC6} = {0197EE8C-51ED-4131-92A9-3FE3C891B1F2}
		{4312AEC9-0132-4329-832A-D91A6A144446} = {0197EE8C-51ED-4131-92A9-3FE3C891B1F2}
	EndGlobalSection
	GlobalSection(ExtensibilityGlobals) = postSolution
		SolutionGuid = {6334DF2E-3AE0-4F9B-84FD-78B7018B0BE8}
	EndGlobalSection
EndGlobal
