
Microsoft Visual Studio Solution File, Format Version 12.00
# Visual Studio Version 17
VisualStudioVersion = 17.0.31919.166
MinimumVisualStudioVersion = 10.0.40219.1
Project("{2150E333-8FDC-42A3-9474-1A3956D46DE8}") = "src", "src", "{0197EE8C-51ED-4131-92A9-3FE3C891B1F2}"
EndProject
Project("{9A19103F-16F7-4668-BE54-9A1E7A4F7556}") = "Order.Api", "Order.Api\Order.Api.csproj", "{03BE2C2B-6762-4F8D-9E09-C02679764AC6}"
EndProject
Project("{9A19103F-16F7-4668-BE54-9A1E7A4F7556}") = "Order.Application", "Order.Application\Order.Application.csproj", "{4312AEC9-0132-4329-832A-D91A6A144446}"
EndProject
Project("{2150E333-8FDC-42A3-9474-1A3956D46DE8}") = "Solution Items", "Solution Items", "{CB05F060-D4E5-401B-A82A-E78CA16B16DC}"
	ProjectSection(SolutionItems) = preProject
		README.md = README.md
	EndProjectSection
EndProject
Project("{9A19103F-16F7-4668-BE54-9A1E7A4F7556}") = "OrderService.Domain", "OrderService.Domain\OrderService.Domain.csproj", "{4BD321CA-FF98-43DF-8CF8-0C6A205A44F3}"
EndProject
Project("{9A19103F-16F7-4668-BE54-9A1E7A4F7556}") = "OrderService.Domain.Services", "OrderService.Domain.Services\OrderService.Domain.Services.csproj", "{B054ACE8-A1EB-44F2-BD70-67B4E706CBA7}"
EndProject
Project("{9A19103F-16F7-4668-BE54-9A1E7A4F7556}") = "OrderService.Infra", "OrderService.Infra\OrderService.Infra.csproj", "{002D0692-63B8-4154-BFCB-0114C77FDE83}"
EndProject
Project("{9A19103F-16F7-4668-BE54-9A1E7A4F7556}") = "OrderService.Extensions", "OrderService.Extensions\OrderService.Extensions.csproj", "{F1014169-2604-476A-B059-D754F456750C}"
EndProject
Global
	GlobalSection(SolutionConfigurationPlatforms) = preSolution
		Debug|Any CPU = Debug|Any CPU
		Release|Any CPU = Release|Any CPU
	EndGlobalSection
	GlobalSection(ProjectConfigurationPlatforms) = postSolution
		{03BE2C2B-6762-4F8D-9E09-C02679764AC6}.Debug|Any CPU.ActiveCfg = Debug|Any CPU
		{03BE2C2B-6762-4F8D-9E09-C02679764AC6}.Debug|Any CPU.Build.0 = Debug|Any CPU
		{03BE2C2B-6762-4F8D-9E09-C02679764AC6}.Release|Any CPU.ActiveCfg = Release|Any CPU
		{03BE2C2B-6762-4F8D-9E09-C02679764AC6}.Release|Any CPU.Build.0 = Release|Any CPU
		{4312AEC9-0132-4329-832A-D91A6A144446}.Debug|Any CPU.ActiveCfg = Debug|Any CPU
		{4312AEC9-0132-4329-832A-D91A6A144446}.Debug|Any CPU.Build.0 = Debug|Any CPU
		{4312AEC9-0132-4329-832A-D91A6A144446}.Release|Any CPU.ActiveCfg = Release|Any CPU
		{4312AEC9-0132-4329-832A-D91A6A144446}.Release|Any CPU.Build.0 = Release|Any CPU
		{4BD321CA-FF98-43DF-8CF8-0C6A205A44F3}.Debug|Any CPU.ActiveCfg = Debug|Any CPU
		{4BD321CA-FF98-43DF-8CF8-0C6A205A44F3}.Debug|Any CPU.Build.0 = Debug|Any CPU
		{4BD321CA-FF98-43DF-8CF8-0C6A205A44F3}.Release|Any CPU.ActiveCfg = Release|Any CPU
		{4BD321CA-FF98-43DF-8CF8-0C6A205A44F3}.Release|Any CPU.Build.0 = Release|Any CPU
		{B054ACE8-A1EB-44F2-BD70-67B4E706CBA7}.Debug|Any CPU.ActiveCfg = Debug|Any CPU
		{B054ACE8-A1EB-44F2-BD70-67B4E706CBA7}.Debug|Any CPU.Build.0 = Debug|Any CPU
		{B054ACE8-A1EB-44F2-BD70-67B4E706CBA7}.Release|Any CPU.ActiveCfg = Release|Any CPU
		{B054ACE8-A1EB-44F2-BD70-67B4E706CBA7}.Release|Any CPU.Build.0 = Release|Any CPU
		{002D0692-63B8-4154-BFCB-0114C77FDE83}.Debug|Any CPU.ActiveCfg = Debug|Any CPU
		{002D0692-63B8-4154-BFCB-0114C77FDE83}.Debug|Any CPU.Build.0 = Debug|Any CPU
		{002D0692-63B8-4154-BFCB-0114C77FDE83}.Release|Any CPU.ActiveCfg = Release|Any CPU
		{002D0692-63B8-4154-BFCB-0114C77FDE83}.Release|Any CPU.Build.0 = Release|Any CPU
		{F1014169-2604-476A-B059-D754F456750C}.Debug|Any CPU.ActiveCfg = Debug|Any CPU
		{F1014169-2604-476A-B059-D754F456750C}.Debug|Any CPU.Build.0 = Debug|Any CPU
		{F1014169-2604-476A-B059-D754F456750C}.Release|Any CPU.ActiveCfg = Release|Any CPU
		{F1014169-2604-476A-B059-D754F456750C}.Release|Any CPU.Build.0 = Release|Any CPU
	EndGlobalSection
	GlobalSection(SolutionProperties) = preSolution
		HideSolutionNode = FALSE
	EndGlobalSection
	GlobalSection(NestedProjects) = preSolution
		{03BE2C2B-6762-4F8D-9E09-C02679764AC6} = {0197EE8C-51ED-4131-92A9-3FE3C891B1F2}
		{4312AEC9-0132-4329-832A-D91A6A144446} = {0197EE8C-51ED-4131-92A9-3FE3C891B1F2}
		{4BD321CA-FF98-43DF-8CF8-0C6A205A44F3} = {0197EE8C-51ED-4131-92A9-3FE3C891B1F2}
		{B054ACE8-A1EB-44F2-BD70-67B4E706CBA7} = {0197EE8C-51ED-4131-92A9-3FE3C891B1F2}
		{002D0692-63B8-4154-BFCB-0114C77FDE83} = {0197EE8C-51ED-4131-92A9-3FE3C891B1F2}
		{F1014169-2604-476A-B059-D754F456750C} = {0197EE8C-51ED-4131-92A9-3FE3C891B1F2}
	EndGlobalSection
	GlobalSection(ExtensibilityGlobals) = postSolution
		SolutionGuid = {6334DF2E-3AE0-4F9B-84FD-78B7018B0BE8}
	EndGlobalSection
EndGlobal
